// !$*UTF8*$!
{
	archiveVersion = 1;
	classes = {
	};
	objectVersion = 77;
	objects = {

/* Begin PBXBuildFile section */
		A1B2C3D4E5F6A7B8C9D0E201 /* SampleHandler.m in Sources */ = {isa = PBXBuildFile; fileRef = A1B2C3D4E5F6A7B8C9D0E101 /* SampleHandler.m */; };
		A1B2C3D4E5F6A7B8C9D0F201 /* ReplayKit.framework in Frameworks */ = {isa = PBXBuildFile; fileRef = A1B2C3D4E5F6A7B8C9D0F101 /* ReplayKit.framework */; };
		A1B2C3D4E5F6A7B8C9D0F202 /* Speech.framework in Frameworks */ = {isa = PBXBuildFile; fileRef = A1B2C3D4E5F6A7B8C9D0F102 /* Speech.framework */; };
		A1B2C3D4E5F6A7B8C9D0F203 /* AVFoundation.framework in Frameworks */ = {isa = PBXBuildFile; fileRef = A1B2C3D4E5F6A7B8C9D0F103 /* AVFoundation.framework */; };
		A1B2C3D4E5F6A7B8C9D0F204 /* AVKit.framework in Frameworks */ = {isa = PBXBuildFile; fileRef = A1B2C3D4E5F6A7B8C9D0F104 /* AVKit.framework */; };
		A1B2C3D4E5F6A7B8C9D0F205 /* MediaPlayer.framework in Frameworks */ = {isa = PBXBuildFile; fileRef = A1B2C3D4E5F6A7B8C9D0F105 /* MediaPlayer.framework */; };
		A1B2C3D4E5F6A7B8C9D0F206 /* AVFoundation.framework in Frameworks */ = {isa = PBXBuildFile; fileRef = A1B2C3D4E5F6A7B8C9D0F103 /* AVFoundation.framework */; };
		A1B2C3D4E5F6A7B8C9D0F207 /* ReplayKit.framework in Frameworks */ = {isa = PBXBuildFile; fileRef = A1B2C3D4E5F6A7B8C9D0F101 /* ReplayKit.framework */; };
		A1B2C3D4E5F6A7B8C9D0F208 /* WerewolfAssistantBroadcast.appex in Embed App Extensions */ = {isa = PBXBuildFile; fileRef = A1B2C3D4E5F6A7B8C9D0E104 /* WerewolfAssistantBroadcast.appex */; settings = {ATTRIBUTES = (RemoveHeadersOnCopy, ); }; };
		A1B2C3D4E5F6A7B8C9D0F209 /* Vision.framework in Frameworks */ = {isa = PBXBuildFile; fileRef = A1B2C3D4E5F6A7B8C9D0F106 /* Vision.framework */; };
		A1B2C3D4E5F6A7B8C9D0F20A /* Vision.framework in Frameworks */ = {isa = PBXBuildFile; fileRef = A1B2C3D4E5F6A7B8C9D0F106 /* Vision.framework */; };
		A1B2C3D4E5F6A7B8C9D0F20B /* OCRConfig.m in Sources */ = {isa = PBXBuildFile; fileRef = A1B2C3D4E5F6A7B8C9D0F10B /* OCRConfig.m */; };
/* End PBXBuildFile section */

/* Begin PBXCopyFilesBuildPhase section */
		A1B2C3D4E5F6A7B8C9D0F401 /* Embed App Extensions */ = {
			isa = PBXCopyFilesBuildPhase;
			buildActionMask = 2147483647;
			dstPath = "";
			dstSubfolderSpec = 13;
			files = (
				A1B2C3D4E5F6A7B8C9D0F208 /* WerewolfAssistantBroadcast.appex in Embed App Extensions */,
			);
			name = "Embed App Extensions";
			runOnlyForDeploymentPostprocessing = 0;
		};
/* End PBXCopyFilesBuildPhase section */

/* Begin PBXFileReference section */
		790E2B972F442D3800C34459 /* WerewolfAssistant.app */ = {isa = PBXFileReference; explicitFileType = wrapper.application; includeInIndex = 0; path = WerewolfAssistant.app; sourceTree = BUILT_PRODUCTS_DIR; };
		A1B2C3D4E5F6A7B8C9D0E101 /* SampleHandler.m */ = {isa = PBXFileReference; fileEncoding = 4; lastKnownFileType = sourcecode.c.objc; path = SampleHandler.m; sourceTree = "<group>"; };
		A1B2C3D4E5F6A7B8C9D0E102 /* SampleHandler.h */ = {isa = PBXFileReference; fileEncoding = 4; lastKnownFileType = sourcecode.c.h; path = SampleHandler.h; sourceTree = "<group>"; };
		A1B2C3D4E5F6A7B8C9D0E103 /* Info.plist */ = {isa = PBXFileReference; fileEncoding = 4; lastKnownFileType = text.plist.xml; path = Info.plist; sourceTree = "<group>"; };
		A1B2C3D4E5F6A7B8C9D0E104 /* WerewolfAssistantBroadcast.appex */ = {isa = PBXFileReference; explicitFileType = "wrapper.app-extension"; includeInIndex = 0; path = WerewolfAssistantBroadcast.appex; sourceTree = BUILT_PRODUCTS_DIR; };
		A1B2C3D4E5F6A7B8C9D0E105 /* WerewolfAssistantBroadcast.entitlements */ = {isa = PBXFileReference; fileEncoding = 4; lastKnownFileType = text.plist.xml; path = WerewolfAssistantBroadcast.entitlements; sourceTree = "<group>"; };
		A1B2C3D4E5F6A7B8C9D0F101 /* ReplayKit.framework */ = {isa = PBXFileReference; lastKnownFileType = wrapper.framework; name = ReplayKit.framework; path = System/Library/Frameworks/ReplayKit.framework; sourceTree = SDKROOT; };
		A1B2C3D4E5F6A7B8C9D0F102 /* Speech.framework */ = {isa = PBXFileReference; lastKnownFileType = wrapper.framework; name = Speech.framework; path = System/Library/Frameworks/Speech.framework; sourceTree = SDKROOT; };
		A1B2C3D4E5F6A7B8C9D0F103 /* AVFoundation.framework */ = {isa = PBXFileReference; lastKnownFileType = wrapper.framework; name = AVFoundation.framework; path = System/Library/Frameworks/AVFoundation.framework; sourceTree = SDKROOT; };
		A1B2C3D4E5F6A7B8C9D0F104 /* AVKit.framework */ = {isa = PBXFileReference; lastKnownFileType = wrapper.framework; name = AVKit.framework; path = System/Library/Frameworks/AVKit.framework; sourceTree = SDKROOT; };
		A1B2C3D4E5F6A7B8C9D0F105 /* MediaPlayer.framework */ = {isa = PBXFileReference; lastKnownFileType = wrapper.framework; name = MediaPlayer.framework; path = System/Library/Frameworks/MediaPlayer.framework; sourceTree = SDKROOT; };
		A1B2C3D4E5F6A7B8C9D0F106 /* Vision.framework */ = {isa = PBXFileReference; lastKnownFileType = wrapper.framework; name = Vision.framework; path = System/Library/Frameworks/Vision.framework; sourceTree = SDKROOT; };
		A1B2C3D4E5F6A7B8C9D0F10A /* OCRConfig.h */ = {isa = PBXFileReference; fileEncoding = 4; lastKnownFileType = sourcecode.c.h; path = WerewolfAssistant/OCRConfig.h; sourceTree = "<group>"; };
		A1B2C3D4E5F6A7B8C9D0F10B /* OCRConfig.m */ = {isa = PBXFileReference; fileEncoding = 4; lastKnownFileType = sourcecode.c.objc; path = WerewolfAssistant/OCRConfig.m; sourceTree = "<group>"; };
/* End PBXFileReference section */

/* Begin PBXFileSystemSynchronizedBuildFileExceptionSet section */
		790E2BAE2F442D3900C34459 /* Exceptions for "WerewolfAssistant" folder in "WerewolfAssistant" target */ = {
			isa = PBXFileSystemSynchronizedBuildFileExceptionSet;
			membershipExceptions = (
				Info.plist,
			);
			target = 790E2B962F442D3800C34459 /* WerewolfAssistant */;
		};
/* End PBXFileSystemSynchronizedBuildFileExceptionSet section */

/* Begin PBXFileSystemSynchronizedRootGroup section */
		790E2B992F442D3800C34459 /* WerewolfAssistant */ = {
			isa = PBXFileSystemSynchronizedRootGroup;
			exceptions = (
				790E2BAE2F442D3900C34459 /* Exceptions for "WerewolfAssistant" folder in "WerewolfAssistant" target */,
			);
			path = WerewolfAssistant;
			sourceTree = "<group>";
		};
/* End PBXFileSystemSynchronizedRootGroup section */

/* Begin PBXFrameworksBuildPhase section */
		790E2B942F442D3800C34459 /* Frameworks */ = {
			isa = PBXFrameworksBuildPhase;
			buildActionMask = 2147483647;
			files = (
				A1B2C3D4E5F6A7B8C9D0F201 /* ReplayKit.framework in Frameworks */,
				A1B2C3D4E5F6A7B8C9D0F202 /* Speech.framework in Frameworks */,
				A1B2C3D4E5F6A7B8C9D0F203 /* AVFoundation.framework in Frameworks */,
				A1B2C3D4E5F6A7B8C9D0F204 /* AVKit.framework in Frameworks */,
				A1B2C3D4E5F6A7B8C9D0F205 /* MediaPlayer.framework in Frameworks */,
				A1B2C3D4E5F6A7B8C9D0F209 /* Vision.framework in Frameworks */,
			);
			runOnlyForDeploymentPostprocessing = 0;
		};
		A1B2C3D4E5F6A7B8C9D0E303 /* Frameworks */ = {
			isa = PBXFrameworksBuildPhase;
			buildActionMask = 2147483647;
			files = (
				A1B2C3D4E5F6A7B8C9D0F207 /* ReplayKit.framework in Frameworks */,
				A1B2C3D4E5F6A7B8C9D0F206 /* AVFoundation.framework in Frameworks */,
				A1B2C3D4E5F6A7B8C9D0F20A /* Vision.framework in Frameworks */,
			);
			runOnlyForDeploymentPostprocessing = 0;
		};
/* End PBXFrameworksBuildPhase section */

/* Begin PBXGroup section */
		790E2B8E2F442D3800C34459 = {
			isa = PBXGroup;
			children = (
				790E2B992F442D3800C34459 /* WerewolfAssistant */,
				A1B2C3D4E5F6A7B8C9D0E401 /* WerewolfAssistantBroadcast */,
				A1B2C3D4E5F6A7B8C9D0F301 /* Frameworks */,
				790E2B982F442D3800C34459 /* Products */,
			);
			sourceTree = "<group>";
		};
		790E2B982F442D3800C34459 /* Products */ = {
			isa = PBXGroup;
			children = (
				790E2B972F442D3800C34459 /* WerewolfAssistant.app */,
				A1B2C3D4E5F6A7B8C9D0E104 /* WerewolfAssistantBroadcast.appex */,
			);
			name = Products;
			sourceTree = "<group>";
		};
		A1B2C3D4E5F6A7B8C9D0E401 /* WerewolfAssistantBroadcast */ = {
			isa = PBXGroup;
			children = (
				A1B2C3D4E5F6A7B8C9D0E102 /* SampleHandler.h */,
				A1B2C3D4E5F6A7B8C9D0E101 /* SampleHandler.m */,
				A1B2C3D4E5F6A7B8C9D0E103 /* Info.plist */,
				A1B2C3D4E5F6A7B8C9D0E105 /* WerewolfAssistantBroadcast.entitlements */,
			);
			path = WerewolfAssistantBroadcast;
			sourceTree = "<group>";
		};
		A1B2C3D4E5F6A7B8C9D0F301 /* Frameworks */ = {
			isa = PBXGroup;
			children = (
				A1B2C3D4E5F6A7B8C9D0F101 /* ReplayKit.framework */,
				A1B2C3D4E5F6A7B8C9D0F102 /* Speech.framework */,
				A1B2C3D4E5F6A7B8C9D0F103 /* AVFoundation.framework */,
				A1B2C3D4E5F6A7B8C9D0F104 /* AVKit.framework */,
				A1B2C3D4E5F6A7B8C9D0F105 /* MediaPlayer.framework */,
				A1B2C3D4E5F6A7B8C9D0F106 /* Vision.framework */,
			);
			name = Frameworks;
			sourceTree = "<group>";
		};
/* End PBXGroup section */

/* Begin PBXNativeTarget section */
		790E2B962F442D3800C34459 /* WerewolfAssistant */ = {
			isa = PBXNativeTarget;
			buildConfigurationList = 790E2BAF2F442D3900C34459 /* Build configuration list for PBXNativeTarget "WerewolfAssistant" */;
			buildPhases = (
				790E2B932F442D3800C34459 /* Sources */,
				790E2B942F442D3800C34459 /* Frameworks */,
				790E2B952F442D3800C34459 /* Resources */,
				A1B2C3D4E5F6A7B8C9D0F401 /* Embed App Extensions */,
			);
			buildRules = (
			);
			dependencies = (
			);
			fileSystemSynchronizedGroups = (
				790E2B992F442D3800C34459 /* WerewolfAssistant */,
			);
			name = WerewolfAssistant;
			packageProductDependencies = (
			);
			productName = WerewolfAssistant;
			productReference = 790E2B972F442D3800C34459 /* WerewolfAssistant.app */;
			productType = "com.apple.product-type.application";
		};
		A1B2C3D4E5F6A7B8C9D0E501 /* WerewolfAssistantBroadcast */ = {
			isa = PBXNativeTarget;
			buildConfigurationList = 790E2CFB2F443B5E00C34459 /* Build configuration list for PBXNativeTarget "WerewolfAssistantBroadcast" */;
			buildPhases = (
				A1B2C3D4E5F6A7B8C9D0E301 /* Sources */,
				A1B2C3D4E5F6A7B8C9D0E303 /* Frameworks */,
				A1B2C3D4E5F6A7B8C9D0E302 /* Resources */,
			);
			buildRules = (
			);
			dependencies = (
			);
			name = WerewolfAssistantBroadcast;
			productName = WerewolfAssistantBroadcast;
			productReference = A1B2C3D4E5F6A7B8C9D0E104 /* WerewolfAssistantBroadcast.appex */;
			productType = "com.apple.product-type.app-extension";
		};
/* End PBXNativeTarget section */

/* Begin PBXProject section */
		790E2B8F2F442D3800C34459 /* Project object */ = {
			isa = PBXProject;
			attributes = {
				BuildIndependentTargetsInParallel = 1;
				LastUpgradeCheck = 2620;
				TargetAttributes = {
					790E2B962F442D3800C34459 = {
						CreatedOnToolsVersion = 26.2;
					};
					A1B2C3D4E5F6A7B8C9D0E501 = {
						CreatedOnToolsVersion = 26.2;
					};
				};
			};
			buildConfigurationList = 790E2B922F442D3800C34459 /* Build configuration list for PBXProject "WerewolfAssistant" */;
			developmentRegion = en;
			hasScannedForEncodings = 0;
			knownRegions = (
				en,
				Base,
			);
			mainGroup = 790E2B8E2F442D3800C34459;
			minimizedProjectReferenceProxies = 1;
			preferredProjectObjectVersion = 77;
			productRefGroup = 790E2B982F442D3800C34459 /* Products */;
			projectDirPath = "";
			projectRoot = "";
			targets = (
				790E2B962F442D3800C34459 /* WerewolfAssistant */,
				A1B2C3D4E5F6A7B8C9D0E501 /* WerewolfAssistantBroadcast */,
			);
		};
/* End PBXProject section */

/* Begin PBXResourcesBuildPhase section */
		790E2B952F442D3800C34459 /* Resources */ = {
			isa = PBXResourcesBuildPhase;
			buildActionMask = 2147483647;
			files = (
			);
			runOnlyForDeploymentPostprocessing = 0;
		};
		A1B2C3D4E5F6A7B8C9D0E302 /* Resources */ = {
			isa = PBXResourcesBuildPhase;
			buildActionMask = 2147483647;
			files = (
			);
			runOnlyForDeploymentPostprocessing = 0;
		};
/* End PBXResourcesBuildPhase section */

/* Begin PBXSourcesBuildPhase section */
		790E2B932F442D3800C34459 /* Sources */ = {
			isa = PBXSourcesBuildPhase;
			buildActionMask = 2147483647;
			files = (
				A1B2C3D4E5F6A7B8C9D0F20B /* OCRConfig.m in Sources */,
			);
			runOnlyForDeploymentPostprocessing = 0;
		};
		A1B2C3D4E5F6A7B8C9D0E301 /* Sources */ = {
			isa = PBXSourcesBuildPhase;
			buildActionMask = 2147483647;
			files = (
				A1B2C3D4E5F6A7B8C9D0E201 /* SampleHandler.m in Sources */,
			);
			runOnlyForDeploymentPostprocessing = 0;
		};
/* End PBXSourcesBuildPhase section */

/* Begin XCBuildConfiguration section */
		790E2BB02F442D3900C34459 /* Debug */ = {
			isa = XCBuildConfiguration;
			buildSettings = {
				ASSETCATALOG_COMPILER_APPICON_NAME = AppIcon;
				ASSETCATALOG_COMPILER_GLOBAL_ACCENT_COLOR_NAME = AccentColor;
				CODE_SIGN_ENTITLEMENTS = WerewolfAssistant/WerewolfAssistant.entitlements;
				CODE_SIGN_STYLE = Automatic;
				CURRENT_PROJECT_VERSION = 1;
				DEVELOPMENT_TEAM = LL7277L9JL;
				GENERATE_INFOPLIST_FILE = YES;
				INFOPLIST_FILE = WerewolfAssistant/Info.plist;
				INFOPLIST_KEY_UIApplicationSupportsIndirectInputEvents = YES;
				INFOPLIST_KEY_UILaunchStoryboardName = LaunchScreen;
				INFOPLIST_KEY_UIMainStoryboardFile = Main;
				INFOPLIST_KEY_UISupportedInterfaceOrientations_iPad = "UIInterfaceOrientationPortrait UIInterfaceOrientationPortraitUpsideDown UIInterfaceOrientationLandscapeLeft UIInterfaceOrientationLandscapeRight";
				INFOPLIST_KEY_UISupportedInterfaceOrientations_iPhone = "UIInterfaceOrientationPortrait UIInterfaceOrientationLandscapeLeft UIInterfaceOrientationLandscapeRight";
				LD_RUNPATH_SEARCH_PATHS = (
					"$(inherited)",
					"@executable_path/Frameworks",
				);
				MARKETING_VERSION = 1.0;
				PRODUCT_BUNDLE_IDENTIFIER = code.WerewolfAssistant.WerewolfAssistant;
				PRODUCT_NAME = "$(TARGET_NAME)";
				STRING_CATALOG_GENERATE_SYMBOLS = YES;
				SWIFT_EMIT_LOC_STRINGS = YES;
				TARGETED_DEVICE_FAMILY = "1,2";
			};
			name = Debug;
		};
		790E2BB12F442D3900C34459 /* Release */ = {
			isa = XCBuildConfiguration;
			buildSettings = {
				ASSETCATALOG_COMPILER_APPICON_NAME = AppIcon;
				ASSETCATALOG_COMPILER_GLOBAL_ACCENT_COLOR_NAME = AccentColor;
				CODE_SIGN_ENTITLEMENTS = WerewolfAssistant/WerewolfAssistant.entitlements;
				CODE_SIGN_STYLE = Automatic;
				CURRENT_PROJECT_VERSION = 1;
				DEVELOPMENT_TEAM = LL7277L9JL;
				GENERATE_INFOPLIST_FILE = YES;
				INFOPLIST_FILE = WerewolfAssistant/Info.plist;
				INFOPLIST_KEY_UIApplicationSupportsIndirectInputEvents = YES;
				INFOPLIST_KEY_UILaunchStoryboardName = LaunchScreen;
				INFOPLIST_KEY_UIMainStoryboardFile = Main;
				INFOPLIST_KEY_UISupportedInterfaceOrientations_iPad = "UIInterfaceOrientationPortrait UIInterfaceOrientationPortraitUpsideDown UIInterfaceOrientationLandscapeLeft UIInterfaceOrientationLandscapeRight";
				INFOPLIST_KEY_UISupportedInterfaceOrientations_iPhone = "UIInterfaceOrientationPortrait UIInterfaceOrientationLandscapeLeft UIInterfaceOrientationLandscapeRight";
				LD_RUNPATH_SEARCH_PATHS = (
					"$(inherited)",
					"@executable_path/Frameworks",
				);
				MARKETING_VERSION = 1.0;
				PRODUCT_BUNDLE_IDENTIFIER = code.WerewolfAssistant.WerewolfAssistant;
				PRODUCT_NAME = "$(TARGET_NAME)";
				STRING_CATALOG_GENERATE_SYMBOLS = YES;
				SWIFT_EMIT_LOC_STRINGS = YES;
				TARGETED_DEVICE_FAMILY = "1,2";
			};
			name = Release;
		};
		790E2BB22F442D3900C34459 /* Debug */ = {
			isa = XCBuildConfiguration;
			buildSettings = {
				ALWAYS_SEARCH_USER_PATHS = NO;
				ASSETCATALOG_COMPILER_GENERATE_SWIFT_ASSET_SYMBOL_EXTENSIONS = YES;
				CLANG_ANALYZER_NONNULL = YES;
				CLANG_ANALYZER_NUMBER_OBJECT_CONVERSION = YES_AGGRESSIVE;
				CLANG_CXX_LANGUAGE_STANDARD = "gnu++20";
				CLANG_ENABLE_MODULES = YES;
				CLANG_ENABLE_OBJC_ARC = YES;
				CLANG_ENABLE_OBJC_WEAK = YES;
				CLANG_WARN_BLOCK_CAPTURE_AUTORELEASING = YES;
				CLANG_WARN_BOOL_CONVERSION = YES;
				CLANG_WARN_COMMA = YES;
				CLANG_WARN_CONSTANT_CONVERSION = YES;
				CLANG_WARN_DEPRECATED_OBJC_IMPLEMENTATIONS = YES;
				CLANG_WARN_DIRECT_OBJC_ISA_USAGE = YES_ERROR;
				CLANG_WARN_DOCUMENTATION_COMMENTS = YES;
				CLANG_WARN_EMPTY_BODY = YES;
				CLANG_WARN_ENUM_CONVERSION = YES;
				CLANG_WARN_INFINITE_RECURSION = YES;
				CLANG_WARN_INT_CONVERSION = YES;
				CLANG_WARN_NON_LITERAL_NULL_CONVERSION = YES;
				CLANG_WARN_OBJC_IMPLICIT_RETAIN_SELF = YES;
				CLANG_WARN_OBJC_LITERAL_CONVERSION = YES;
				CLANG_WARN_OBJC_ROOT_CLASS = YES_ERROR;
				CLANG_WARN_QUOTED_INCLUDE_IN_FRAMEWORK_HEADER = YES;
				CLANG_WARN_RANGE_LOOP_ANALYSIS = YES;
				CLANG_WARN_STRICT_PROTOTYPES = YES;
				CLANG_WARN_SUSPICIOUS_MOVE = YES;
				CLANG_WARN_UNGUARDED_AVAILABILITY = YES_AGGRESSIVE;
				CLANG_WARN_UNREACHABLE_CODE = YES;
				CLANG_WARN__DUPLICATE_METHOD_MATCH = YES;
				COPY_PHASE_STRIP = NO;
				DEBUG_INFORMATION_FORMAT = dwarf;
				DEVELOPMENT_TEAM = LL7277L9JL;
				ENABLE_STRICT_OBJC_MSGSEND = YES;
				ENABLE_TESTABILITY = YES;
				ENABLE_USER_SCRIPT_SANDBOXING = YES;
				GCC_C_LANGUAGE_STANDARD = gnu17;
				GCC_DYNAMIC_NO_PIC = NO;
				GCC_NO_COMMON_BLOCKS = YES;
				GCC_OPTIMIZATION_LEVEL = 0;
				GCC_PREPROCESSOR_DEFINITIONS = (
					"DEBUG=1",
					"$(inherited)",
				);
				GCC_WARN_64_TO_32_BIT_CONVERSION = YES;
				GCC_WARN_ABOUT_RETURN_TYPE = YES_ERROR;
				GCC_WARN_UNDECLARED_SELECTOR = YES;
				GCC_WARN_UNINITIALIZED_AUTOS = YES_AGGRESSIVE;
				GCC_WARN_UNUSED_FUNCTION = YES;
				GCC_WARN_UNUSED_VARIABLE = YES;
				IPHONEOS_DEPLOYMENT_TARGET = 16.0;
				LOCALIZATION_PREFERS_STRING_CATALOGS = YES;
				MTL_ENABLE_DEBUG_INFO = INCLUDE_SOURCE;
				MTL_FAST_MATH = YES;
				ONLY_ACTIVE_ARCH = YES;
				SDKROOT = iphoneos;
			};
			name = Debug;
		};
		790E2BB32F442D3900C34459 /* Release */ = {
			isa = XCBuildConfiguration;
			buildSettings = {
				ALWAYS_SEARCH_USER_PATHS = NO;
				ASSETCATALOG_COMPILER_GENERATE_SWIFT_ASSET_SYMBOL_EXTENSIONS = YES;
				CLANG_ANALYZER_NONNULL = YES;
				CLANG_ANALYZER_NUMBER_OBJECT_CONVERSION = YES_AGGRESSIVE;
				CLANG_CXX_LANGUAGE_STANDARD = "gnu++20";
				CLANG_ENABLE_MODULES = YES;
				CLANG_ENABLE_OBJC_ARC = YES;
				CLANG_ENABLE_OBJC_WEAK = YES;
				CLANG_WARN_BLOCK_CAPTURE_AUTORELEASING = YES;
				CLANG_WARN_BOOL_CONVERSION = YES;
				CLANG_WARN_COMMA = YES;
				CLANG_WARN_CONSTANT_CONVERSION = YES;
				CLANG_WARN_DEPRECATED_OBJC_IMPLEMENTATIONS = YES;
				CLANG_WARN_DIRECT_OBJC_ISA_USAGE = YES_ERROR;
				CLANG_WARN_DOCUMENTATION_COMMENTS = YES;
				CLANG_WARN_EMPTY_BODY = YES;
				CLANG_WARN_ENUM_CONVERSION = YES;
				CLANG_WARN_INFINITE_RECURSION = YES;
				CLANG_WARN_INT_CONVERSION = YES;
				CLANG_WARN_NON_LITERAL_NULL_CONVERSION = YES;
				CLANG_WARN_OBJC_IMPLICIT_RETAIN_SELF = YES;
				CLANG_WARN_OBJC_LITERAL_CONVERSION = YES;
				CLANG_WARN_OBJC_ROOT_CLASS = YES_ERROR;
				CLANG_WARN_QUOTED_INCLUDE_IN_FRAMEWORK_HEADER = YES;
				CLANG_WARN_RANGE_LOOP_ANALYSIS = YES;
				CLANG_WARN_STRICT_PROTOTYPES = YES;
				CLANG_WARN_SUSPICIOUS_MOVE = YES;
				CLANG_WARN_UNGUARDED_AVAILABILITY = YES_AGGRESSIVE;
				CLANG_WARN_UNREACHABLE_CODE = YES;
				CLANG_WARN__DUPLICATE_METHOD_MATCH = YES;
				COPY_PHASE_STRIP = NO;
				DEBUG_INFORMATION_FORMAT = "dwarf-with-dsym";
				DEVELOPMENT_TEAM = LL7277L9JL;
				ENABLE_NS_ASSERTIONS = NO;
				ENABLE_STRICT_OBJC_MSGSEND = YES;
				ENABLE_USER_SCRIPT_SANDBOXING = YES;
				GCC_C_LANGUAGE_STANDARD = gnu17;
				GCC_NO_COMMON_BLOCKS = YES;
				GCC_WARN_64_TO_32_BIT_CONVERSION = YES;
				GCC_WARN_ABOUT_RETURN_TYPE = YES_ERROR;
				GCC_WARN_UNDECLARED_SELECTOR = YES;
				GCC_WARN_UNINITIALIZED_AUTOS = YES_AGGRESSIVE;
				GCC_WARN_UNUSED_FUNCTION = YES;
				GCC_WARN_UNUSED_VARIABLE = YES;
				IPHONEOS_DEPLOYMENT_TARGET = 16.0;
				LOCALIZATION_PREFERS_STRING_CATALOGS = YES;
				MTL_ENABLE_DEBUG_INFO = NO;
				MTL_FAST_MATH = YES;
				SDKROOT = iphoneos;
				VALIDATE_PRODUCT = YES;
			};
			name = Release;
		};
		790E2CF82F443B5600C34459 /* Debug */ = {
			isa = XCBuildConfiguration;
			buildSettings = {
				CODE_SIGN_ENTITLEMENTS = WerewolfAssistantBroadcast/WerewolfAssistantBroadcast.entitlements;
				CODE_SIGN_IDENTITY = "Apple Development";
				CODE_SIGN_STYLE = Automatic;
				COPY_PHASE_STRIP = NO;
				DEVELOPMENT_TEAM = LL7277L9JL;
				GCC_DYNAMIC_NO_PIC = NO;
				GCC_OPTIMIZATION_LEVEL = 0;
				GENERATE_INFOPLIST_FILE = NO;
				INFOPLIST_FILE = WerewolfAssistantBroadcast/Info.plist;
				IPHONEOS_DEPLOYMENT_TARGET = 16.0;
				LD_RUNPATH_SEARCH_PATHS = (
					"$(inherited)",
					"@executable_path/Frameworks",
				);
				PRODUCT_BUNDLE_IDENTIFIER = code.WerewolfAssistant.WerewolfAssistant.Broadcast;
				PRODUCT_NAME = WerewolfAssistantBroadcast;
				PROVISIONING_PROFILE_SPECIFIER = "";
				SKIP_INSTALL = YES;
				TARGETED_DEVICE_FAMILY = "1,2";
			};
			name = Debug;
		};
		790E2CF92F443B5600C34459 /* Release */ = {
			isa = XCBuildConfiguration;
			buildSettings = {
				CODE_SIGN_ENTITLEMENTS = WerewolfAssistantBroadcast/WerewolfAssistantBroadcast.entitlements;
				CODE_SIGN_IDENTITY = "Apple Development";
				CODE_SIGN_STYLE = Automatic;
				COPY_PHASE_STRIP = YES;
				DEBUG_INFORMATION_FORMAT = "dwarf-with-dsym";
				DEVELOPMENT_TEAM = LL7277L9JL;
				GENERATE_INFOPLIST_FILE = NO;
				INFOPLIST_FILE = WerewolfAssistantBroadcast/Info.plist;
				IPHONEOS_DEPLOYMENT_TARGET = 16.0;
				LD_RUNPATH_SEARCH_PATHS = (
					"$(inherited)",
					"@executable_path/Frameworks",
				);
				PRODUCT_BUNDLE_IDENTIFIER = code.WerewolfAssistant.WerewolfAssistant.Broadcast;
				PRODUCT_NAME = WerewolfAssistantBroadcast;
				PROVISIONING_PROFILE_SPECIFIER = "";
				SKIP_INSTALL = YES;
				TARGETED_DEVICE_FAMILY = "1,2";
			};
			name = Release;
		};
/* End XCBuildConfiguration section */

/* Begin XCConfigurationList section */
		790E2B922F442D3800C34459 /* Build configuration list for PBXProject "WerewolfAssistant" */ = {
			isa = XCConfigurationList;
			buildConfigurations = (
				790E2BB22F442D3900C34459 /* Debug */,
				790E2BB32F442D3900C34459 /* Release */,
			);
			defaultConfigurationIsVisible = 0;
			defaultConfigurationName = Release;
		};
		790E2BAF2F442D3900C34459 /* Build configuration list for PBXNativeTarget "WerewolfAssistant" */ = {
			isa = XCConfigurationList;
			buildConfigurations = (
				790E2BB02F442D3900C34459 /* Debug */,
				790E2BB12F442D3900C34459 /* Release */,
			);
			defaultConfigurationIsVisible = 0;
			defaultConfigurationName = Release;
		};
		790E2CFB2F443B5E00C34459 /* Build configuration list for PBXNativeTarget "WerewolfAssistantBroadcast" */ = {
			isa = XCConfigurationList;
			buildConfigurations = (
				790E2CF82F443B5600C34459 /* Debug */,
				790E2CF92F443B5600C34459 /* Release */,
			);
			defaultConfigurationIsVisible = 0;
			defaultConfigurationName = Release;
		};
/* End XCConfigurationList section */
	};
	rootObject = 790E2B8F2F442D3800C34459 /* Project object */;
}
